
Microsoft Visual Studio Solution File, Format Version 12.00
# Visual Studio Version 17
VisualStudioVersion = 17.4.33122.133
MinimumVisualStudioVersion = 10.0.40219.1
Project("{8BC9CEB8-8B4A-11D0-8D11-00A0C91BC942}") = "rockAC", "rockAC.vcxproj", "{93ED696C-D11C-48EC-9380-6215646BD765}"
EndProject
Global
	GlobalSection(SolutionConfigurationPlatforms) = preSolution
		Release|x86 = Release|x86
	EndGlobalSection
	GlobalSection(ProjectConfigurationPlatforms) = postSolution
		{93ED696C-D11C-48EC-9380-6215646BD765}.Release|x86.ActiveCfg = Release|Win32
		{93ED696C-D11C-48EC-9380-6215646BD765}.Release|x86.Build.0 = Release|Win32
	EndGlobalSection
	GlobalSection(SolutionProperties) = preSolution
		HideSolutionNode = FALSE
	EndGlobalSection
	GlobalSection(ExtensibilityGlobals) = postSolution
		SolutionGuid = {297E25DA-0D16-48AA-B071-5F5223D25766}
	EndGlobalSection
EndGlobal
